
Microsoft Visual Studio Solution File, Format Version 12.00
# Visual Studio 15
Project("{FAE04EC0-301F-11D3-BF4B-00C04F79EFBC}") = "AppCenterExample.iOS", "AppCenterExample.iOS.csproj", "{3807DE57-686C-43FE-810A-85700EA27C48}"
EndProject
Global
	GlobalSection(SolutionConfigurationPlatforms) = preSolution
		Debug|iPhoneSimulator = Debug|iPhoneSimulator
		Release|iPhoneSimulator = Release|iPhoneSimulator
		Debug|iPhone = Debug|iPhone
		Release|iPhone = Release|iPhone
		Ad-Hoc|iPhone = Ad-Hoc|iPhone
		AppStore|iPhone = AppStore|iPhone
	EndGlobalSection
	GlobalSection(ProjectConfigurationPlatforms) = postSolution
		{3807DE57-686C-43FE-810A-85700EA27C48}.Debug|iPhoneSimulator.ActiveCfg = Debug|iPhoneSimulator
		{3807DE57-686C-43FE-810A-85700EA27C48}.Debug|iPhoneSimulator.Build.0 = Debug|iPhoneSimulator
		{3807DE57-686C-43FE-810A-85700EA27C48}.Release|iPhoneSimulator.ActiveCfg = Release|iPhoneSimulator
		{3807DE57-686C-43FE-810A-85700EA27C48}.Release|iPhoneSimulator.Build.0 = Release|iPhoneSimulator
		{3807DE57-686C-43FE-810A-85700EA27C48}.Debug|iPhone.ActiveCfg = Debug|iPhone
		{3807DE57-686C-43FE-810A-85700EA27C48}.Debug|iPhone.Build.0 = Debug|iPhone
		{3807DE57-686C-43FE-810A-85700EA27C48}.Release|iPhone.ActiveCfg = Release|iPhone
		{3807DE57-686C-43FE-810A-85700EA27C48}.Release|iPhone.Build.0 = Release|iPhone
		{3807DE57-686C-43FE-810A-85700EA27C48}.Ad-Hoc|iPhone.ActiveCfg = Ad-Hoc|iPhone
		{3807DE57-686C-43FE-810A-85700EA27C48}.Ad-Hoc|iPhone.Build.0 = Ad-Hoc|iPhone
		{3807DE57-686C-43FE-810A-85700EA27C48}.AppStore|iPhone.ActiveCfg = AppStore|iPhone
		{3807DE57-686C-43FE-810A-85700EA27C48}.AppStore|iPhone.Build.0 = AppStore|iPhone
	EndGlobalSection
EndGlobal
